
Microsoft Visual Studio Solution File, Format Version 12.00
# Visual Studio Version 17
VisualStudioVersion = 17.0.31903.59
MinimumVisualStudioVersion = 10.0.40219.1
Project("{FAE04EC0-301F-11D3-BF4B-00C04F79EFBC}") = "Haru.IO", "Haru.IO\Haru.IO.csproj", "{F951D39D-B47F-414D-8A22-F105C9C6B5A9}"
EndProject
Project("{FAE04EC0-301F-11D3-BF4B-00C04F79EFBC}") = "Haru.IO.Tests", "Haru.IO.Tests\Haru.IO.Tests.csproj", "{28995671-F7A2-4CC2-9479-1B9F62E0685D}"
EndProject
Global
	GlobalSection(SolutionConfigurationPlatforms) = preSolution
		Debug|Any CPU = Debug|Any CPU
		Release|Any CPU = Release|Any CPU
	EndGlobalSection
	GlobalSection(SolutionProperties) = preSolution
		HideSolutionNode = FALSE
	EndGlobalSection
	GlobalSection(ProjectConfigurationPlatforms) = postSolution
		{F951D39D-B47F-414D-8A22-F105C9C6B5A9}.Debug|Any CPU.ActiveCfg = Debug|Any CPU
		{F951D39D-B47F-414D-8A22-F105C9C6B5A9}.Debug|Any CPU.Build.0 = Debug|Any CPU
		{F951D39D-B47F-414D-8A22-F105C9C6B5A9}.Release|Any CPU.ActiveCfg = Release|Any CPU
		{F951D39D-B47F-414D-8A22-F105C9C6B5A9}.Release|Any CPU.Build.0 = Release|Any CPU
		{28995671-F7A2-4CC2-9479-1B9F62E0685D}.Debug|Any CPU.ActiveCfg = Debug|Any CPU
		{28995671-F7A2-4CC2-9479-1B9F62E0685D}.Debug|Any CPU.Build.0 = Debug|Any CPU
		{28995671-F7A2-4CC2-9479-1B9F62E0685D}.Release|Any CPU.ActiveCfg = Release|Any CPU
		{28995671-F7A2-4CC2-9479-1B9F62E0685D}.Release|Any CPU.Build.0 = Release|Any CPU
	EndGlobalSection
EndGlobal
